{
  "name": "usertakeover",
  "version": "1.0.0",
  "lockfileVersion": 3,
  "requires": true,
  "packages": {
    "": {
      "name": "usertakeover",
      "version": "1.0.0",
      "license": "ISC",
      "dependencies": {
        "@varvet/tiny-autocomplete": "^1.1.1",
        "rollup": "^2.23.0"
      },
      "devDependencies": {}
    },
    "node_modules/@varvet/tiny-autocomplete": {
      "version": "1.1.1",
      "resolved": "https://registry.npmjs.org/@varvet/tiny-autocomplete/-/tiny-autocomplete-1.1.1.tgz",
      "integrity": "sha512-esfW+Llf9wByLhabZLDYog0VrUMn0fPKhQdJ5LTyUMs7hbIJ31xUbJ31mQBtxwCL5davVj5eeJAEghsPEpgo2Q=="
    },
    "node_modules/fsevents": {
      "version": "2.3.3",
      "resolved": "https://registry.npmjs.org/fsevents/-/fsevents-2.3.3.tgz",
      "integrity": "sha512-5xoDfX+fL7faATnagmWPpbFtwh/R77WmMMqqHGS65C3vvB0YHrgF+B1YmZ3441tMj5n63k0212XNoJwzlhffQw==",
      "hasInstallScript": true,
      "optional": true,
      "os": [
        "darwin"
      ],
      "engines": {
        "node": "^8.16.0 || ^10.6.0 || >=11.0.0"
      }
    },
    "node_modules/rollup": {
      "version": "2.79.1",
      "resolved": "https://registry.npmjs.org/rollup/-/rollup-2.79.1.tgz",
      "integrity": "sha512-uKxbd0IhMZOhjAiD5oAFp7BqvkA4Dv47qpOCtaNvng4HBwdbWtdOh8f5nZNuk2rp51PMGk3bzfWu5oayNEuYnw==",
      "bin": {
        "rollup": "dist/bin/rollup"
      },
      "engines": {
        "node": ">=10.0.0"
      },
      "optionalDependencies": {
        "fsevents": "~2.3.2"
      }
    }
  }
}
